// !$*UTF8*$!
{
	archiveVersion = 1;
	classes = {
	};
	objectVersion = 46;
	objects = {

/* Begin PBXBuildFile section */
		07081C691CA3FF370063884D /* main.m in Sources */ = {isa = PBXBuildFile; fileRef = 07081C681CA3FF370063884D /* main.m */; };
		07081C6C1CA3FF370063884D /* AppDelegate.m in Sources */ = {isa = PBXBuildFile; fileRef = 07081C6B1CA3FF370063884D /* AppDelegate.m */; };
		07081C721CA3FF370063884D /* Main.storyboard in Resources */ = {isa = PBXBuildFile; fileRef = 07081C701CA3FF370063884D /* Main.storyboard */; };
		07081C741CA3FF370063884D /* Assets.xcassets in Resources */ = {isa = PBXBuildFile; fileRef = 07081C731CA3FF370063884D /* Assets.xcassets */; };
		07081C771CA3FF370063884D /* LaunchScreen.storyboard in Resources */ = {isa = PBXBuildFile; fileRef = 07081C751CA3FF370063884D /* LaunchScreen.storyboard */; };
		07081C821CA3FF370063884D /* QRCodeTests.m in Sources */ = {isa = PBXBuildFile; fileRef = 07081C811CA3FF370063884D /* QRCodeTests.m */; };
		07081C8D1CA3FF370063884D /* QRCodeUITests.m in Sources */ = {isa = PBXBuildFile; fileRef = 07081C8C1CA3FF370063884D /* QRCodeUITests.m */; };
		07081C9C1CA3FFB90063884D /* MBNavigationController.m in Sources */ = {isa = PBXBuildFile; fileRef = 07081C9B1CA3FFB90063884D /* MBNavigationController.m */; };
		07081CA21CA3FFFB0063884D /* MBCreateController.m in Sources */ = {isa = PBXBuildFile; fileRef = 07081CA11CA3FFFB0063884D /* MBCreateController.m */; };
		07081CA51CA400130063884D /* MBScanController.m in Sources */ = {isa = PBXBuildFile; fileRef = 07081CA41CA400130063884D /* MBScanController.m */; };
		3ACD1A8F1CDA026200F2047C /* MBTabBarViewController.m in Sources */ = {isa = PBXBuildFile; fileRef = 3ACD1A8E1CDA026200F2047C /* MBTabBarViewController.m */; };
/* End PBXBuildFile section */

/* Begin PBXContainerItemProxy section */
		07081C7E1CA3FF370063884D /* PBXContainerItemProxy */ = {
			isa = PBXContainerItemProxy;
			containerPortal = 07081C5C1CA3FF360063884D /* Project object */;
			proxyType = 1;
			remoteGlobalIDString = 07081C631CA3FF360063884D;
			remoteInfo = QRCode;
		};
		07081C891CA3FF370063884D /* PBXContainerItemProxy */ = {
			isa = PBXContainerItemProxy;
			containerPortal = 07081C5C1CA3FF360063884D /* Project object */;
			proxyType = 1;
			remoteGlobalIDString = 07081C631CA3FF360063884D;
			remoteInfo = QRCode;
		};
/* End PBXContainerItemProxy section */

/* Begin PBXFileReference section */
		07081C641CA3FF360063884D /* QRCode.app */ = {isa = PBXFileReference; explicitFileType = wrapper.application; includeInIndex = 0; path = QRCode.app; sourceTree = BUILT_PRODUCTS_DIR; };
		07081C681CA3FF370063884D /* main.m */ = {isa = PBXFileReference; lastKnownFileType = sourcecode.c.objc; path = main.m; sourceTree = "<group>"; };
		07081C6A1CA3FF370063884D /* AppDelegate.h */ = {isa = PBXFileReference; lastKnownFileType = sourcecode.c.h; path = AppDelegate.h; sourceTree = "<group>"; };
		07081C6B1CA3FF370063884D /* AppDelegate.m */ = {isa = PBXFileReference; lastKnownFileType = sourcecode.c.objc; path = AppDelegate.m; sourceTree = "<group>"; };
		07081C711CA3FF370063884D /* Base */ = {isa = PBXFileReference; lastKnownFileType = file.storyboard; name = Base; path = Base.lproj/Main.storyboard; sourceTree = "<group>"; };
		07081C731CA3FF370063884D /* Assets.xcassets */ = {isa = PBXFileReference; lastKnownFileType = folder.assetcatalog; path = Assets.xcassets; sourceTree = "<group>"; };
		07081C761CA3FF370063884D /* Base */ = {isa = PBXFileReference; lastKnownFileType = file.storyboard; name = Base; path = Base.lproj/LaunchScreen.storyboard; sourceTree = "<group>"; };
		07081C781CA3FF370063884D /* Info.plist */ = {isa = PBXFileReference; lastKnownFileType = text.plist.xml; path = Info.plist; sourceTree = "<group>"; };
		07081C7D1CA3FF370063884D /* QRCodeTests.xctest */ = {isa = PBXFileReference; explicitFileType = wrapper.cfbundle; includeInIndex = 0; path = QRCodeTests.xctest; sourceTree = BUILT_PRODUCTS_DIR; };
		07081C811CA3FF370063884D /* QRCodeTests.m */ = {isa = PBXFileReference; lastKnownFileType = sourcecode.c.objc; path = QRCodeTests.m; sourceTree = "<group>"; };
		07081C831CA3FF370063884D /* Info.plist */ = {isa = PBXFileReference; lastKnownFileType = text.plist.xml; path = Info.plist; sourceTree = "<group>"; };
		07081C881CA3FF370063884D /* QRCodeUITests.xctest */ = {isa = PBXFileReference; explicitFileType = wrapper.cfbundle; includeInIndex = 0; path = QRCodeUITests.xctest; sourceTree = BUILT_PRODUCTS_DIR; };
		07081C8C1CA3FF370063884D /* QRCodeUITests.m */ = {isa = PBXFileReference; lastKnownFileType = sourcecode.c.objc; path = QRCodeUITests.m; sourceTree = "<group>"; };
		07081C8E1CA3FF370063884D /* Info.plist */ = {isa = PBXFileReference; lastKnownFileType = text.plist.xml; path = Info.plist; sourceTree = "<group>"; };
		07081C9A1CA3FFB90063884D /* MBNavigationController.h */ = {isa = PBXFileReference; fileEncoding = 4; lastKnownFileType = sourcecode.c.h; path = MBNavigationController.h; sourceTree = "<group>"; };
		07081C9B1CA3FFB90063884D /* MBNavigationController.m */ = {isa = PBXFileReference; fileEncoding = 4; lastKnownFileType = sourcecode.c.objc; path = MBNavigationController.m; sourceTree = "<group>"; };
		07081CA01CA3FFFB0063884D /* MBCreateController.h */ = {isa = PBXFileReference; fileEncoding = 4; lastKnownFileType = sourcecode.c.h; path = MBCreateController.h; sourceTree = "<group>"; };
		07081CA11CA3FFFB0063884D /* MBCreateController.m */ = {isa = PBXFileReference; fileEncoding = 4; lastKnownFileType = sourcecode.c.objc; path = MBCreateController.m; sourceTree = "<group>"; };
		07081CA31CA400130063884D /* MBScanController.h */ = {isa = PBXFileReference; fileEncoding = 4; lastKnownFileType = sourcecode.c.h; path = MBScanController.h; sourceTree = "<group>"; };
		07081CA41CA400130063884D /* MBScanController.m */ = {isa = PBXFileReference; fileEncoding = 4; lastKnownFileType = sourcecode.c.objc; path = MBScanController.m; sourceTree = "<group>"; };
		3ACD1A8D1CDA026200F2047C /* MBTabBarViewController.h */ = {isa = PBXFileReference; fileEncoding = 4; lastKnownFileType = sourcecode.c.h; path = MBTabBarViewController.h; sourceTree = "<group>"; };
		3ACD1A8E1CDA026200F2047C /* MBTabBarViewController.m */ = {isa = PBXFileReference; fileEncoding = 4; lastKnownFileType = sourcecode.c.objc; path = MBTabBarViewController.m; sourceTree = "<group>"; };
/* End PBXFileReference section */

/* Begin PBXFrameworksBuildPhase section */
		07081C611CA3FF360063884D /* Frameworks */ = {
			isa = PBXFrameworksBuildPhase;
			buildActionMask = 2147483647;
			files = (
			);
			runOnlyForDeploymentPostprocessing = 0;
		};
		07081C7A1CA3FF370063884D /* Frameworks */ = {
			isa = PBXFrameworksBuildPhase;
			buildActionMask = 2147483647;
			files = (
			);
			runOnlyForDeploymentPostprocessing = 0;
		};
		07081C851CA3FF370063884D /* Frameworks */ = {
			isa = PBXFrameworksBuildPhase;
			buildActionMask = 2147483647;
			files = (
			);
			runOnlyForDeploymentPostprocessing = 0;
		};
/* End PBXFrameworksBuildPhase section */

/* Begin PBXGroup section */
		07081C5B1CA3FF360063884D = {
			isa = PBXGroup;
			children = (
				07081C661CA3FF370063884D /* QRCode */,
				07081C801CA3FF370063884D /* QRCodeTests */,
				07081C8B1CA3FF370063884D /* QRCodeUITests */,
				07081C651CA3FF360063884D /* Products */,
			);
			sourceTree = "<group>";
		};
		07081C651CA3FF360063884D /* Products */ = {
			isa = PBXGroup;
			children = (
				07081C641CA3FF360063884D /* QRCode.app */,
				07081C7D1CA3FF370063884D /* QRCodeTests.xctest */,
				07081C881CA3FF370063884D /* QRCodeUITests.xctest */,
			);
			name = Products;
			sourceTree = "<group>";
		};
		07081C661CA3FF370063884D /* QRCode */ = {
			isa = PBXGroup;
			children = (
				3ACD1A8D1CDA026200F2047C /* MBTabBarViewController.h */,
				3ACD1A8E1CDA026200F2047C /* MBTabBarViewController.m */,
				07081C6A1CA3FF370063884D /* AppDelegate.h */,
				07081C6B1CA3FF370063884D /* AppDelegate.m */,
				07081C9A1CA3FFB90063884D /* MBNavigationController.h */,
				07081C9B1CA3FFB90063884D /* MBNavigationController.m */,
				07081CA01CA3FFFB0063884D /* MBCreateController.h */,
				07081CA11CA3FFFB0063884D /* MBCreateController.m */,
				07081CA31CA400130063884D /* MBScanController.h */,
				07081CA41CA400130063884D /* MBScanController.m */,
				07081C701CA3FF370063884D /* Main.storyboard */,
				07081C731CA3FF370063884D /* Assets.xcassets */,
				07081C751CA3FF370063884D /* LaunchScreen.storyboard */,
				07081C781CA3FF370063884D /* Info.plist */,
				07081C671CA3FF370063884D /* Supporting Files */,
			);
			path = QRCode;
			sourceTree = "<group>";
		};
		07081C671CA3FF370063884D /* Supporting Files */ = {
			isa = PBXGroup;
			children = (
				07081C681CA3FF370063884D /* main.m */,
			);
			name = "Supporting Files";
			sourceTree = "<group>";
		};
		07081C801CA3FF370063884D /* QRCodeTests */ = {
			isa = PBXGroup;
			children = (
				07081C811CA3FF370063884D /* QRCodeTests.m */,
				07081C831CA3FF370063884D /* Info.plist */,
			);
			path = QRCodeTests;
			sourceTree = "<group>";
		};
		07081C8B1CA3FF370063884D /* QRCodeUITests */ = {
			isa = PBXGroup;
			children = (
				07081C8C1CA3FF370063884D /* QRCodeUITests.m */,
				07081C8E1CA3FF370063884D /* Info.plist */,
			);
			path = QRCodeUITests;
			sourceTree = "<group>";
		};
/* End PBXGroup section */

/* Begin PBXNativeTarget section */
		07081C631CA3FF360063884D /* QRCode */ = {
			isa = PBXNativeTarget;
			buildConfigurationList = 07081C911CA3FF370063884D /* Build configuration list for PBXNativeTarget "QRCode" */;
			buildPhases = (
				07081C601CA3FF360063884D /* Sources */,
				07081C611CA3FF360063884D /* Frameworks */,
				07081C621CA3FF360063884D /* Resources */,
			);
			buildRules = (
			);
			dependencies = (
			);
			name = QRCode;
			productName = QRCode;
			productReference = 07081C641CA3FF360063884D /* QRCode.app */;
			productType = "com.apple.product-type.application";
		};
		07081C7C1CA3FF370063884D /* QRCodeTests */ = {
			isa = PBXNativeTarget;
			buildConfigurationList = 07081C941CA3FF370063884D /* Build configuration list for PBXNativeTarget "QRCodeTests" */;
			buildPhases = (
				07081C791CA3FF370063884D /* Sources */,
				07081C7A1CA3FF370063884D /* Frameworks */,
				07081C7B1CA3FF370063884D /* Resources */,
			);
			buildRules = (
			);
			dependencies = (
				07081C7F1CA3FF370063884D /* PBXTargetDependency */,
			);
			name = QRCodeTests;
			productName = QRCodeTests;
			productReference = 07081C7D1CA3FF370063884D /* QRCodeTests.xctest */;
			productType = "com.apple.product-type.bundle.unit-test";
		};
		07081C871CA3FF370063884D /* QRCodeUITests */ = {
			isa = PBXNativeTarget;
			buildConfigurationList = 07081C971CA3FF370063884D /* Build configuration list for PBXNativeTarget "QRCodeUITests" */;
			buildPhases = (
				07081C841CA3FF370063884D /* Sources */,
				07081C851CA3FF370063884D /* Frameworks */,
				07081C861CA3FF370063884D /* Resources */,
			);
			buildRules = (
			);
			dependencies = (
				07081C8A1CA3FF370063884D /* PBXTargetDependency */,
			);
			name = QRCodeUITests;
			productName = QRCodeUITests;
			productReference = 07081C881CA3FF370063884D /* QRCodeUITests.xctest */;
			productType = "com.apple.product-type.bundle.ui-testing";
		};
/* End PBXNativeTarget section */

/* Begin PBXProject section */
		07081C5C1CA3FF360063884D /* Project object */ = {
			isa = PBXProject;
			attributes = {
				LastUpgradeCheck = 0730;
				ORGANIZATIONNAME = biao;
				TargetAttributes = {
					07081C631CA3FF360063884D = {
						CreatedOnToolsVersion = 7.3;
						DevelopmentTeam = QUMSF8EMJ8;
					};
					07081C7C1CA3FF370063884D = {
						CreatedOnToolsVersion = 7.3;
						DevelopmentTeam = QUMSF8EMJ8;
						TestTargetID = 07081C631CA3FF360063884D;
					};
					07081C871CA3FF370063884D = {
						CreatedOnToolsVersion = 7.3;
						DevelopmentTeam = QUMSF8EMJ8;
						TestTargetID = 07081C631CA3FF360063884D;
					};
				};
			};
			buildConfigurationList = 07081C5F1CA3FF360063884D /* Build configuration list for PBXProject "QRCode" */;
			compatibilityVersion = "Xcode 3.2";
			developmentRegion = English;
			hasScannedForEncodings = 0;
			knownRegions = (
				en,
				Base,
			);
			mainGroup = 07081C5B1CA3FF360063884D;
			productRefGroup = 07081C651CA3FF360063884D /* Products */;
			projectDirPath = "";
			projectRoot = "";
			targets = (
				07081C631CA3FF360063884D /* QRCode */,
				07081C7C1CA3FF370063884D /* QRCodeTests */,
				07081C871CA3FF370063884D /* QRCodeUITests */,
			);
		};
/* End PBXProject section */

/* Begin PBXResourcesBuildPhase section */
		07081C621CA3FF360063884D /* Resources */ = {
			isa = PBXResourcesBuildPhase;
			buildActionMask = 2147483647;
			files = (
				07081C771CA3FF370063884D /* LaunchScreen.storyboard in Resources */,
				07081C741CA3FF370063884D /* Assets.xcassets in Resources */,
				07081C721CA3FF370063884D /* Main.storyboard in Resources */,
			);
			runOnlyForDeploymentPostprocessing = 0;
		};
		07081C7B1CA3FF370063884D /* Resources */ = {
			isa = PBXResourcesBuildPhase;
			buildActionMask = 2147483647;
			files = (
			);
			runOnlyForDeploymentPostprocessing = 0;
		};
		07081C861CA3FF370063884D /* Resources */ = {
			isa = PBXResourcesBuildPhase;
			buildActionMask = 2147483647;
			files = (
			);
			runOnlyForDeploymentPostprocessing = 0;
		};
/* End PBXResourcesBuildPhase section */

/* Begin PBXSourcesBuildPhase section */
		07081C601CA3FF360063884D /* Sources */ = {
			isa = PBXSourcesBuildPhase;
			buildActionMask = 2147483647;
			files = (
				07081C6C1CA3FF370063884D /* AppDelegate.m in Sources */,
				07081CA21CA3FFFB0063884D /* MBCreateController.m in Sources */,
				07081C9C1CA3FFB90063884D /* MBNavigationController.m in Sources */,
				3ACD1A8F1CDA026200F2047C /* MBTabBarViewController.m in Sources */,
				07081C691CA3FF370063884D /* main.m in Sources */,
				07081CA51CA400130063884D /* MBScanController.m in Sources */,
			);
			runOnlyForDeploymentPostprocessing = 0;
		};
		07081C791CA3FF370063884D /* Sources */ = {
			isa = PBXSourcesBuildPhase;
			buildActionMask = 2147483647;
			files = (
				07081C821CA3FF370063884D /* QRCodeTests.m in Sources */,
			);
			runOnlyForDeploymentPostprocessing = 0;
		};
		07081C841CA3FF370063884D /* Sources */ = {
			isa = PBXSourcesBuildPhase;
			buildActionMask = 2147483647;
			files = (
				07081C8D1CA3FF370063884D /* QRCodeUITests.m in Sources */,
			);
			runOnlyForDeploymentPostprocessing = 0;
		};
/* End PBXSourcesBuildPhase section */

/* Begin PBXTargetDependency section */
		07081C7F1CA3FF370063884D /* PBXTargetDependency */ = {
			isa = PBXTargetDependency;
			target = 07081C631CA3FF360063884D /* QRCode */;
			targetProxy = 07081C7E1CA3FF370063884D /* PBXContainerItemProxy */;
		};
		07081C8A1CA3FF370063884D /* PBXTargetDependency */ = {
			isa = PBXTargetDependency;
			target = 07081C631CA3FF360063884D /* QRCode */;
			targetProxy = 07081C891CA3FF370063884D /* PBXContainerItemProxy */;
		};
/* End PBXTargetDependency section */

/* Begin PBXVariantGroup section */
		07081C701CA3FF370063884D /* Main.storyboard */ = {
			isa = PBXVariantGroup;
			children = (
				07081C711CA3FF370063884D /* Base */,
			);
			name = Main.storyboard;
			sourceTree = "<group>";
		};
		07081C751CA3FF370063884D /* LaunchScreen.storyboard */ = {
			isa = PBXVariantGroup;
			children = (
				07081C761CA3FF370063884D /* Base */,
			);
			name = LaunchScreen.storyboard;
			sourceTree = "<group>";
		};
/* End PBXVariantGroup section */

/* Begin XCBuildConfiguration section */
		07081C8F1CA3FF370063884D /* Debug */ = {
			isa = XCBuildConfiguration;
			buildSettings = {
				ALWAYS_SEARCH_USER_PATHS = NO;
				CLANG_ANALYZER_NONNULL = YES;
				CLANG_CXX_LANGUAGE_STANDARD = "gnu++0x";
				CLANG_CXX_LIBRARY = "libc++";
				CLANG_ENABLE_MODULES = YES;
				CLANG_ENABLE_OBJC_ARC = YES;
				CLANG_WARN_BOOL_CONVERSION = YES;
				CLANG_WARN_CONSTANT_CONVERSION = YES;
				CLANG_WARN_DIRECT_OBJC_ISA_USAGE = YES_ERROR;
				CLANG_WARN_EMPTY_BODY = YES;
				CLANG_WARN_ENUM_CONVERSION = YES;
				CLANG_WARN_INT_CONVERSION = YES;
				CLANG_WARN_OBJC_ROOT_CLASS = YES_ERROR;
				CLANG_WARN_UNREACHABLE_CODE = YES;
				CLANG_WARN__DUPLICATE_METHOD_MATCH = YES;
				"CODE_SIGN_IDENTITY[sdk=iphoneos*]" = "iPhone Developer";
				COPY_PHASE_STRIP = NO;
				DEBUG_INFORMATION_FORMAT = dwarf;
				ENABLE_STRICT_OBJC_MSGSEND = YES;
				ENABLE_TESTABILITY = YES;
				GCC_C_LANGUAGE_STANDARD = gnu99;
				GCC_DYNAMIC_NO_PIC = NO;
				GCC_NO_COMMON_BLOCKS = YES;
				GCC_OPTIMIZATION_LEVEL = 0;
				GCC_PREPROCESSOR_DEFINITIONS = (
					"DEBUG=1",
					"$(inherited)",
				);
				GCC_WARN_64_TO_32_BIT_CONVERSION = YES;
				GCC_WARN_ABOUT_RETURN_TYPE = YES_ERROR;
				GCC_WARN_UNDECLARED_SELECTOR = YES;
				GCC_WARN_UNINITIALIZED_AUTOS = YES_AGGRESSIVE;
				GCC_WARN_UNUSED_FUNCTION = YES;
				GCC_WARN_UNUSED_VARIABLE = YES;
				IPHONEOS_DEPLOYMENT_TARGET = 9.3;
				MTL_ENABLE_DEBUG_INFO = YES;
				ONLY_ACTIVE_ARCH = YES;
				SDKROOT = iphoneos;
			};
			name = Debug;
		};
		07081C901CA3FF370063884D /* Release */ = {
			isa = XCBuildConfiguration;
			buildSettings = {
				ALWAYS_SEARCH_USER_PATHS = NO;
				CLANG_ANALYZER_NONNULL = YES;
				CLANG_CXX_LANGUAGE_STANDARD = "gnu++0x";
				CLANG_CXX_LIBRARY = "libc++";
				CLANG_ENABLE_MODULES = YES;
				CLANG_ENABLE_OBJC_ARC = YES;
				CLANG_WARN_BOOL_CONVERSION = YES;
				CLANG_WARN_CONSTANT_CONVERSION = YES;
				CLANG_WARN_DIRECT_OBJC_ISA_USAGE = YES_ERROR;
				CLANG_WARN_EMPTY_BODY = YES;
				CLANG_WARN_ENUM_CONVERSION = YES;
				CLANG_WARN_INT_CONVERSION = YES;
				CLANG_WARN_OBJC_ROOT_CLASS = YES_ERROR;
				CLANG_WARN_UNREACHABLE_CODE = YES;
				CLANG_WARN__DUPLICATE_METHOD_MATCH = YES;
				"CODE_SIGN_IDENTITY[sdk=iphoneos*]" = "iPhone Developer";
				COPY_PHASE_STRIP = NO;
				DEBUG_INFORMATION_FORMAT = "dwarf-with-dsym";
				ENABLE_NS_ASSERTIONS = NO;
				ENABLE_STRICT_OBJC_MSGSEND = YES;
				GCC_C_LANGUAGE_STANDARD = gnu99;
				GCC_NO_COMMON_BLOCKS = YES;
				GCC_WARN_64_TO_32_BIT_CONVERSION = YES;
				GCC_WARN_ABOUT_RETURN_TYPE = YES_ERROR;
				GCC_WARN_UNDECLARED_SELECTOR = YES;
				GCC_WARN_UNINITIALIZED_AUTOS = YES_AGGRESSIVE;
				GCC_WARN_UNUSED_FUNCTION = YES;
				GCC_WARN_UNUSED_VARIABLE = YES;
				IPHONEOS_DEPLOYMENT_TARGET = 9.3;
				MTL_ENABLE_DEBUG_INFO = NO;
				SDKROOT = iphoneos;
				VALIDATE_PRODUCT = YES;
			};
			name = Release;
		};
		07081C921CA3FF370063884D /* Debug */ = {
			isa = XCBuildConfiguration;
			buildSettings = {
				ASSETCATALOG_COMPILER_APPICON_NAME = AppIcon;
				CODE_SIGN_IDENTITY = "iPhone Developer";
				INFOPLIST_FILE = QRCode/Info.plist;
				LD_RUNPATH_SEARCH_PATHS = "$(inherited) @executable_path/Frameworks";
				PRODUCT_BUNDLE_IDENTIFIER = com.biao.QRCode1;
				PRODUCT_NAME = "$(TARGET_NAME)";
			};
			name = Debug;
		};
		07081C931CA3FF370063884D /* Release */ = {
			isa = XCBuildConfiguration;
			buildSettings = {
				ASSETCATALOG_COMPILER_APPICON_NAME = AppIcon;
				CODE_SIGN_IDENTITY = "iPhone Developer";
				INFOPLIST_FILE = QRCode/Info.plist;
				LD_RUNPATH_SEARCH_PATHS = "$(inherited) @executable_path/Frameworks";
				PRODUCT_BUNDLE_IDENTIFIER = com.biao.QRCode1;
				PRODUCT_NAME = "$(TARGET_NAME)";
			};
			name = Release;
		};
		07081C951CA3FF370063884D /* Debug */ = {
			isa = XCBuildConfiguration;
			buildSettings = {
				BUNDLE_LOADER = "$(TEST_HOST)";
				INFOPLIST_FILE = QRCodeTests/Info.plist;
				LD_RUNPATH_SEARCH_PATHS = "$(inherited) @executable_path/Frameworks @loader_path/Frameworks";
				PRODUCT_BUNDLE_IDENTIFIER = com.biao.QRCodeTests;
				PRODUCT_NAME = "$(TARGET_NAME)";
				TEST_HOST = "$(BUILT_PRODUCTS_DIR)/QRCode.app/QRCode";
			};
			name = Debug;
		};
		07081C961CA3FF370063884D /* Release */ = {
			isa = XCBuildConfiguration;
			buildSettings = {
				BUNDLE_LOADER = "$(TEST_HOST)";
				INFOPLIST_FILE = QRCodeTests/Info.plist;
				LD_RUNPATH_SEARCH_PATHS = "$(inherited) @executable_path/Frameworks @loader_path/Frameworks";
				PRODUCT_BUNDLE_IDENTIFIER = com.biao.QRCodeTests;
				PRODUCT_NAME = "$(TARGET_NAME)";
				TEST_HOST = "$(BUILT_PRODUCTS_DIR)/QRCode.app/QRCode";
			};
			name = Release;
		};
		07081C981CA3FF370063884D /* Debug */ = {
			isa = XCBuildConfiguration;
			buildSettings = {
				INFOPLIST_FILE = QRCodeUITests/Info.plist;
				LD_RUNPATH_SEARCH_PATHS = "$(inherited) @executable_path/Frameworks @loader_path/Frameworks";
				PRODUCT_BUNDLE_IDENTIFIER = com.biao.QRCodeUITests;
				PRODUCT_NAME = "$(TARGET_NAME)";
				TEST_TARGET_NAME = QRCode;
			};
			name = Debug;
		};
		07081C991CA3FF370063884D /* Release */ = {
			isa = XCBuildConfiguration;
			buildSettings = {
				INFOPLIST_FILE = QRCodeUITests/Info.plist;
				LD_RUNPATH_SEARCH_PATHS = "$(inherited) @executable_path/Frameworks @loader_path/Frameworks";
				PRODUCT_BUNDLE_IDENTIFIER = com.biao.QRCodeUITests;
				PRODUCT_NAME = "$(TARGET_NAME)";
				TEST_TARGET_NAME = QRCode;
			};
			name = Release;
		};
/* End XCBuildConfiguration section */

/* Begin XCConfigurationList section */
		07081C5F1CA3FF360063884D /* Build configuration list for PBXProject "QRCode" */ = {
			isa = XCConfigurationList;
			buildConfigurations = (
				07081C8F1CA3FF370063884D /* Debug */,
				07081C901CA3FF370063884D /* Release */,
			);
			defaultConfigurationIsVisible = 0;
			defaultConfigurationName = Release;
		};
		07081C911CA3FF370063884D /* Build configuration list for PBXNativeTarget "QRCode" */ = {
			isa = XCConfigurationList;
			buildConfigurations = (
				07081C921CA3FF370063884D /* Debug */,
				07081C931CA3FF370063884D /* Release */,
			);
			defaultConfigurationIsVisible = 0;
			defaultConfigurationName = Release;
		};
		07081C941CA3FF370063884D /* Build configuration list for PBXNativeTarget "QRCodeTests" */ = {
			isa = XCConfigurationList;
			buildConfigurations = (
				07081C951CA3FF370063884D /* Debug */,
				07081C961CA3FF370063884D /* Release */,
			);
			defaultConfigurationIsVisible = 0;
			defaultConfigurationName = Release;
		};
		07081C971CA3FF370063884D /* Build configuration list for PBXNativeTarget "QRCodeUITests" */ = {
			isa = XCConfigurationList;
			buildConfigurations = (
				07081C981CA3FF370063884D /* Debug */,
				07081C991CA3FF370063884D /* Release */,
			);
			defaultConfigurationIsVisible = 0;
			defaultConfigurationName = Release;
		};
/* End XCConfigurationList section */
	};
	rootObject = 07081C5C1CA3FF360063884D /* Project object */;
}
